// !$*UTF8*$!
{
	archiveVersion = 1;
	classes = {
	};
	objectVersion = 46;
	objects = {

/* Begin PBXBuildFile section */
		8C07AC731F0862D80058BB77 /* AppDelegate.swift in Sources */ = {isa = PBXBuildFile; fileRef = 8C07AC721F0862D80058BB77 /* AppDelegate.swift */; };
		8C07AC751F0862D80058BB77 /* ViewController.swift in Sources */ = {isa = PBXBuildFile; fileRef = 8C07AC741F0862D80058BB77 /* ViewController.swift */; };
		8C07AC781F0862D80058BB77 /* Main.storyboard in Resources */ = {isa = PBXBuildFile; fileRef = 8C07AC761F0862D80058BB77 /* Main.storyboard */; };
		8C07AC7A1F0862D80058BB77 /* Assets.xcassets in Resources */ = {isa = PBXBuildFile; fileRef = 8C07AC791F0862D80058BB77 /* Assets.xcassets */; };
		8C07AC7D1F0862D80058BB77 /* LaunchScreen.storyboard in Resources */ = {isa = PBXBuildFile; fileRef = 8C07AC7B1F0862D80058BB77 /* LaunchScreen.storyboard */; };
		8C07AC881F0862D80058BB77 /* lsystemTests.swift in Sources */ = {isa = PBXBuildFile; fileRef = 8C07AC871F0862D80058BB77 /* lsystemTests.swift */; };
		8C07AC951F086B200058BB77 /* LSRenderView.swift in Sources */ = {isa = PBXBuildFile; fileRef = 8C07AC941F086B200058BB77 /* LSRenderView.swift */; };
		8C07AC981F0895DC0058BB77 /* LSystem.swift in Sources */ = {isa = PBXBuildFile; fileRef = 8C07AC971F0895DC0058BB77 /* LSystem.swift */; };
		8C07AC9A1F08A46A0058BB77 /* WishList.md in Resources */ = {isa = PBXBuildFile; fileRef = 8C07AC991F08A46A0058BB77 /* WishList.md */; };
		8C07AC9D1F09E2D90058BB77 /* CGPoint+LSystem.swift in Sources */ = {isa = PBXBuildFile; fileRef = 8C07AC9C1F09E2D90058BB77 /* CGPoint+LSystem.swift */; };
/* End PBXBuildFile section */

/* Begin PBXContainerItemProxy section */
		8C07AC841F0862D80058BB77 /* PBXContainerItemProxy */ = {
			isa = PBXContainerItemProxy;
			containerPortal = 8C07AC671F0862D80058BB77 /* Project object */;
			proxyType = 1;
			remoteGlobalIDString = 8C07AC6E1F0862D80058BB77;
			remoteInfo = lsystem;
		};
/* End PBXContainerItemProxy section */

/* Begin PBXFileReference section */
		8C07AC6F1F0862D80058BB77 /* lsystem.app */ = {isa = PBXFileReference; explicitFileType = wrapper.application; includeInIndex = 0; path = lsystem.app; sourceTree = BUILT_PRODUCTS_DIR; };
		8C07AC721F0862D80058BB77 /* AppDelegate.swift */ = {isa = PBXFileReference; lastKnownFileType = sourcecode.swift; path = AppDelegate.swift; sourceTree = "<group>"; };
		8C07AC741F0862D80058BB77 /* ViewController.swift */ = {isa = PBXFileReference; lastKnownFileType = sourcecode.swift; path = ViewController.swift; sourceTree = "<group>"; };
		8C07AC771F0862D80058BB77 /* Base */ = {isa = PBXFileReference; lastKnownFileType = file.storyboard; name = Base; path = Base.lproj/Main.storyboard; sourceTree = "<group>"; };
		8C07AC791F0862D80058BB77 /* Assets.xcassets */ = {isa = PBXFileReference; lastKnownFileType = folder.assetcatalog; path = Assets.xcassets; sourceTree = "<group>"; };
		8C07AC7C1F0862D80058BB77 /* Base */ = {isa = PBXFileReference; lastKnownFileType = file.storyboard; name = Base; path = Base.lproj/LaunchScreen.storyboard; sourceTree = "<group>"; };
		8C07AC7E1F0862D80058BB77 /* Info.plist */ = {isa = PBXFileReference; lastKnownFileType = text.plist.xml; path = Info.plist; sourceTree = "<group>"; };
		8C07AC831F0862D80058BB77 /* lsystemTests.xctest */ = {isa = PBXFileReference; explicitFileType = wrapper.cfbundle; includeInIndex = 0; path = lsystemTests.xctest; sourceTree = BUILT_PRODUCTS_DIR; };
		8C07AC871F0862D80058BB77 /* lsystemTests.swift */ = {isa = PBXFileReference; lastKnownFileType = sourcecode.swift; path = lsystemTests.swift; sourceTree = "<group>"; };
		8C07AC891F0862D80058BB77 /* Info.plist */ = {isa = PBXFileReference; lastKnownFileType = text.plist.xml; path = Info.plist; sourceTree = "<group>"; };
		8C07AC941F086B200058BB77 /* LSRenderView.swift */ = {isa = PBXFileReference; fileEncoding = 4; lastKnownFileType = sourcecode.swift; path = LSRenderView.swift; sourceTree = "<group>"; };
		8C07AC971F0895DC0058BB77 /* LSystem.swift */ = {isa = PBXFileReference; fileEncoding = 4; lastKnownFileType = sourcecode.swift; path = LSystem.swift; sourceTree = "<group>"; };
		8C07AC991F08A46A0058BB77 /* WishList.md */ = {isa = PBXFileReference; fileEncoding = 4; lastKnownFileType = net.daringfireball.markdown; path = WishList.md; sourceTree = "<group>"; };
		8C07AC9C1F09E2D90058BB77 /* CGPoint+LSystem.swift */ = {isa = PBXFileReference; fileEncoding = 4; lastKnownFileType = sourcecode.swift; path = "CGPoint+LSystem.swift"; sourceTree = "<group>"; };
/* End PBXFileReference section */

/* Begin PBXFrameworksBuildPhase section */
		8C07AC6C1F0862D80058BB77 /* Frameworks */ = {
			isa = PBXFrameworksBuildPhase;
			buildActionMask = 2147483647;
			files = (
			);
			runOnlyForDeploymentPostprocessing = 0;
		};
		8C07AC801F0862D80058BB77 /* Frameworks */ = {
			isa = PBXFrameworksBuildPhase;
			buildActionMask = 2147483647;
			files = (
			);
			runOnlyForDeploymentPostprocessing = 0;
		};
/* End PBXFrameworksBuildPhase section */

/* Begin PBXGroup section */
		8C07AC661F0862D80058BB77 = {
			isa = PBXGroup;
			children = (
				8C07AC991F08A46A0058BB77 /* WishList.md */,
				8C07AC711F0862D80058BB77 /* lsystem */,
				8C07AC861F0862D80058BB77 /* lsystemTests */,
				8C07AC701F0862D80058BB77 /* Products */,
			);
			sourceTree = "<group>";
		};
		8C07AC701F0862D80058BB77 /* Products */ = {
			isa = PBXGroup;
			children = (
				8C07AC6F1F0862D80058BB77 /* lsystem.app */,
				8C07AC831F0862D80058BB77 /* lsystemTests.xctest */,
			);
			name = Products;
			sourceTree = "<group>";
		};
		8C07AC711F0862D80058BB77 /* lsystem */ = {
			isa = PBXGroup;
			children = (
				8C07AC9B1F09E29E0058BB77 /* Extension */,
				8C07AC961F0895A20058BB77 /* Model */,
				8C07AC931F086ABE0058BB77 /* View */,
				8C07AC921F08681E0058BB77 /* ViewController */,
				8C07AC721F0862D80058BB77 /* AppDelegate.swift */,
				8C07AC761F0862D80058BB77 /* Main.storyboard */,
				8C07AC791F0862D80058BB77 /* Assets.xcassets */,
				8C07AC7B1F0862D80058BB77 /* LaunchScreen.storyboard */,
				8C07AC7E1F0862D80058BB77 /* Info.plist */,
			);
			path = lsystem;
			sourceTree = "<group>";
		};
		8C07AC861F0862D80058BB77 /* lsystemTests */ = {
			isa = PBXGroup;
			children = (
				8C07AC871F0862D80058BB77 /* lsystemTests.swift */,
				8C07AC891F0862D80058BB77 /* Info.plist */,
			);
			path = lsystemTests;
			sourceTree = "<group>";
		};
		8C07AC921F08681E0058BB77 /* ViewController */ = {
			isa = PBXGroup;
			children = (
				8C07AC741F0862D80058BB77 /* ViewController.swift */,
			);
			name = ViewController;
			sourceTree = "<group>";
		};
		8C07AC931F086ABE0058BB77 /* View */ = {
			isa = PBXGroup;
			children = (
				8C07AC941F086B200058BB77 /* LSRenderView.swift */,
			);
			name = View;
			sourceTree = "<group>";
		};
		8C07AC961F0895A20058BB77 /* Model */ = {
			isa = PBXGroup;
			children = (
				8C07AC971F0895DC0058BB77 /* LSystem.swift */,
			);
			name = Model;
			sourceTree = "<group>";
		};
		8C07AC9B1F09E29E0058BB77 /* Extension */ = {
			isa = PBXGroup;
			children = (
				8C07AC9C1F09E2D90058BB77 /* CGPoint+LSystem.swift */,
			);
			name = Extension;
			sourceTree = "<group>";
		};
/* End PBXGroup section */

/* Begin PBXNativeTarget section */
		8C07AC6E1F0862D80058BB77 /* lsystem */ = {
			isa = PBXNativeTarget;
			buildConfigurationList = 8C07AC8C1F0862D80058BB77 /* Build configuration list for PBXNativeTarget "lsystem" */;
			buildPhases = (
				8C07AC6B1F0862D80058BB77 /* Sources */,
				8C07AC6C1F0862D80058BB77 /* Frameworks */,
				8C07AC6D1F0862D80058BB77 /* Resources */,
			);
			buildRules = (
			);
			dependencies = (
			);
			name = lsystem;
			productName = lsystem;
			productReference = 8C07AC6F1F0862D80058BB77 /* lsystem.app */;
			productType = "com.apple.product-type.application";
		};
		8C07AC821F0862D80058BB77 /* lsystemTests */ = {
			isa = PBXNativeTarget;
			buildConfigurationList = 8C07AC8F1F0862D80058BB77 /* Build configuration list for PBXNativeTarget "lsystemTests" */;
			buildPhases = (
				8C07AC7F1F0862D80058BB77 /* Sources */,
				8C07AC801F0862D80058BB77 /* Frameworks */,
				8C07AC811F0862D80058BB77 /* Resources */,
			);
			buildRules = (
			);
			dependencies = (
				8C07AC851F0862D80058BB77 /* PBXTargetDependency */,
			);
			name = lsystemTests;
			productName = lsystemTests;
			productReference = 8C07AC831F0862D80058BB77 /* lsystemTests.xctest */;
			productType = "com.apple.product-type.bundle.unit-test";
		};
/* End PBXNativeTarget section */

/* Begin PBXProject section */
		8C07AC671F0862D80058BB77 /* Project object */ = {
			isa = PBXProject;
			attributes = {
				LastSwiftUpdateCheck = 0830;
				LastUpgradeCheck = 0830;
				ORGANIZATIONNAME = "Oren Leavitt";
				TargetAttributes = {
					8C07AC6E1F0862D80058BB77 = {
						CreatedOnToolsVersion = 8.3.3;
						DevelopmentTeam = 2W2GK9ZGZC;
						ProvisioningStyle = Automatic;
					};
					8C07AC821F0862D80058BB77 = {
						CreatedOnToolsVersion = 8.3.3;
						DevelopmentTeam = 2W2GK9ZGZC;
						ProvisioningStyle = Automatic;
						TestTargetID = 8C07AC6E1F0862D80058BB77;
					};
				};
			};
			buildConfigurationList = 8C07AC6A1F0862D80058BB77 /* Build configuration list for PBXProject "lsystem" */;
			compatibilityVersion = "Xcode 3.2";
			developmentRegion = English;
			hasScannedForEncodings = 0;
			knownRegions = (
				en,
				Base,
			);
			mainGroup = 8C07AC661F0862D80058BB77;
			productRefGroup = 8C07AC701F0862D80058BB77 /* Products */;
			projectDirPath = "";
			projectRoot = "";
			targets = (
				8C07AC6E1F0862D80058BB77 /* lsystem */,
				8C07AC821F0862D80058BB77 /* lsystemTests */,
			);
		};
/* End PBXProject section */

/* Begin PBXResourcesBuildPhase section */
		8C07AC6D1F0862D80058BB77 /* Resources */ = {
			isa = PBXResourcesBuildPhase;
			buildActionMask = 2147483647;
			files = (
				8C07AC7D1F0862D80058BB77 /* LaunchScreen.storyboard in Resources */,
				8C07AC7A1F0862D80058BB77 /* Assets.xcassets in Resources */,
				8C07AC781F0862D80058BB77 /* Main.storyboard in Resources */,
				8C07AC9A1F08A46A0058BB77 /* WishList.md in Resources */,
			);
			runOnlyForDeploymentPostprocessing = 0;
		};
		8C07AC811F0862D80058BB77 /* Resources */ = {
			isa = PBXResourcesBuildPhase;
			buildActionMask = 2147483647;
			files = (
			);
			runOnlyForDeploymentPostprocessing = 0;
		};
/* End PBXResourcesBuildPhase section */

/* Begin PBXSourcesBuildPhase section */
		8C07AC6B1F0862D80058BB77 /* Sources */ = {
			isa = PBXSourcesBuildPhase;
			buildActionMask = 2147483647;
			files = (
				8C07AC751F0862D80058BB77 /* ViewController.swift in Sources */,
				8C07AC981F0895DC0058BB77 /* LSystem.swift in Sources */,
				8C07AC731F0862D80058BB77 /* AppDelegate.swift in Sources */,
				8C07AC951F086B200058BB77 /* LSRenderView.swift in Sources */,
				8C07AC9D1F09E2D90058BB77 /* CGPoint+LSystem.swift in Sources */,
			);
			runOnlyForDeploymentPostprocessing = 0;
		};
		8C07AC7F1F0862D80058BB77 /* Sources */ = {
			isa = PBXSourcesBuildPhase;
			buildActionMask = 2147483647;
			files = (
				8C07AC881F0862D80058BB77 /* lsystemTests.swift in Sources */,
			);
			runOnlyForDeploymentPostprocessing = 0;
		};
/* End PBXSourcesBuildPhase section */

/* Begin PBXTargetDependency section */
		8C07AC851F0862D80058BB77 /* PBXTargetDependency */ = {
			isa = PBXTargetDependency;
			target = 8C07AC6E1F0862D80058BB77 /* lsystem */;
			targetProxy = 8C07AC841F0862D80058BB77 /* PBXContainerItemProxy */;
		};
/* End PBXTargetDependency section */

/* Begin PBXVariantGroup section */
		8C07AC761F0862D80058BB77 /* Main.storyboard */ = {
			isa = PBXVariantGroup;
			children = (
				8C07AC771F0862D80058BB77 /* Base */,
			);
			name = Main.storyboard;
			sourceTree = "<group>";
		};
		8C07AC7B1F0862D80058BB77 /* LaunchScreen.storyboard */ = {
			isa = PBXVariantGroup;
			children = (
				8C07AC7C1F0862D80058BB77 /* Base */,
			);
			name = LaunchScreen.storyboard;
			sourceTree = "<group>";
		};
/* End PBXVariantGroup section */

/* Begin XCBuildConfiguration section */
		8C07AC8A1F0862D80058BB77 /* Debug */ = {
			isa = XCBuildConfiguration;
			buildSettings = {
				ALWAYS_SEARCH_USER_PATHS = NO;
				CLANG_ANALYZER_NONNULL = YES;
				CLANG_ANALYZER_NUMBER_OBJECT_CONVERSION = YES_AGGRESSIVE;
				CLANG_CXX_LANGUAGE_STANDARD = "gnu++0x";
				CLANG_CXX_LIBRARY = "libc++";
				CLANG_ENABLE_MODULES = YES;
				CLANG_ENABLE_OBJC_ARC = YES;
				CLANG_WARN_BOOL_CONVERSION = YES;
				CLANG_WARN_CONSTANT_CONVERSION = YES;
				CLANG_WARN_DIRECT_OBJC_ISA_USAGE = YES_ERROR;
				CLANG_WARN_DOCUMENTATION_COMMENTS = YES;
				CLANG_WARN_EMPTY_BODY = YES;
				CLANG_WARN_ENUM_CONVERSION = YES;
				CLANG_WARN_INFINITE_RECURSION = YES;
				CLANG_WARN_INT_CONVERSION = YES;
				CLANG_WARN_OBJC_ROOT_CLASS = YES_ERROR;
				CLANG_WARN_SUSPICIOUS_MOVE = YES;
				CLANG_WARN_UNREACHABLE_CODE = YES;
				CLANG_WARN__DUPLICATE_METHOD_MATCH = YES;
				"CODE_SIGN_IDENTITY[sdk=iphoneos*]" = "iPhone Developer";
				COPY_PHASE_STRIP = NO;
				DEBUG_INFORMATION_FORMAT = dwarf;
				ENABLE_STRICT_OBJC_MSGSEND = YES;
				ENABLE_TESTABILITY = YES;
				GCC_C_LANGUAGE_STANDARD = gnu99;
				GCC_DYNAMIC_NO_PIC = NO;
				GCC_NO_COMMON_BLOCKS = YES;
				GCC_OPTIMIZATION_LEVEL = 0;
				GCC_PREPROCESSOR_DEFINITIONS = (
					"DEBUG=1",
					"$(inherited)",
				);
				GCC_WARN_64_TO_32_BIT_CONVERSION = YES;
				GCC_WARN_ABOUT_RETURN_TYPE = YES_ERROR;
				GCC_WARN_UNDECLARED_SELECTOR = YES;
				GCC_WARN_UNINITIALIZED_AUTOS = YES_AGGRESSIVE;
				GCC_WARN_UNUSED_FUNCTION = YES;
				GCC_WARN_UNUSED_VARIABLE = YES;
				IPHONEOS_DEPLOYMENT_TARGET = 10.3;
				MTL_ENABLE_DEBUG_INFO = YES;
				ONLY_ACTIVE_ARCH = YES;
				SDKROOT = iphoneos;
				SWIFT_ACTIVE_COMPILATION_CONDITIONS = DEBUG;
				SWIFT_OPTIMIZATION_LEVEL = "-Onone";
				TARGETED_DEVICE_FAMILY = "1,2";
			};
			name = Debug;
		};
		8C07AC8B1F0862D80058BB77 /* Release */ = {
			isa = XCBuildConfiguration;
			buildSettings = {
				ALWAYS_SEARCH_USER_PATHS = NO;
				CLANG_ANALYZER_NONNULL = YES;
				CLANG_ANALYZER_NUMBER_OBJECT_CONVERSION = YES_AGGRESSIVE;
				CLANG_CXX_LANGUAGE_STANDARD = "gnu++0x";
				CLANG_CXX_LIBRARY = "libc++";
				CLANG_ENABLE_MODULES = YES;
				CLANG_ENABLE_OBJC_ARC = YES;
				CLANG_WARN_BOOL_CONVERSION = YES;
				CLANG_WARN_CONSTANT_CONVERSION = YES;
				CLANG_WARN_DIRECT_OBJC_ISA_USAGE = YES_ERROR;
				CLANG_WARN_DOCUMENTATION_COMMENTS = YES;
				CLANG_WARN_EMPTY_BODY = YES;
				CLANG_WARN_ENUM_CONVERSION = YES;
				CLANG_WARN_INFINITE_RECURSION = YES;
				CLANG_WARN_INT_CONVERSION = YES;
				CLANG_WARN_OBJC_ROOT_CLASS = YES_ERROR;
				CLANG_WARN_SUSPICIOUS_MOVE = YES;
				CLANG_WARN_UNREACHABLE_CODE = YES;
				CLANG_WARN__DUPLICATE_METHOD_MATCH = YES;
				"CODE_SIGN_IDENTITY[sdk=iphoneos*]" = "iPhone Developer";
				COPY_PHASE_STRIP = NO;
				DEBUG_INFORMATION_FORMAT = "dwarf-with-dsym";
				ENABLE_NS_ASSERTIONS = NO;
				ENABLE_STRICT_OBJC_MSGSEND = YES;
				GCC_C_LANGUAGE_STANDARD = gnu99;
				GCC_NO_COMMON_BLOCKS = YES;
				GCC_WARN_64_TO_32_BIT_CONVERSION = YES;
				GCC_WARN_ABOUT_RETURN_TYPE = YES_ERROR;
				GCC_WARN_UNDECLARED_SELECTOR = YES;
				GCC_WARN_UNINITIALIZED_AUTOS = YES_AGGRESSIVE;
				GCC_WARN_UNUSED_FUNCTION = YES;
				GCC_WARN_UNUSED_VARIABLE = YES;
				IPHONEOS_DEPLOYMENT_TARGET = 10.3;
				MTL_ENABLE_DEBUG_INFO = NO;
				SDKROOT = iphoneos;
				SWIFT_OPTIMIZATION_LEVEL = "-Owholemodule";
				TARGETED_DEVICE_FAMILY = "1,2";
				VALIDATE_PRODUCT = YES;
			};
			name = Release;
		};
		8C07AC8D1F0862D80058BB77 /* Debug */ = {
			isa = XCBuildConfiguration;
			buildSettings = {
				ASSETCATALOG_COMPILER_APPICON_NAME = AppIcon;
				DEVELOPMENT_TEAM = 2W2GK9ZGZC;
				INFOPLIST_FILE = lsystem/Info.plist;
				LD_RUNPATH_SEARCH_PATHS = "$(inherited) @executable_path/Frameworks";
				PRODUCT_BUNDLE_IDENTIFIER = com.orenleavitt.lsystem;
				PRODUCT_NAME = "$(TARGET_NAME)";
				SWIFT_VERSION = 3.0;
			};
			name = Debug;
		};
		8C07AC8E1F0862D80058BB77 /* Release */ = {
			isa = XCBuildConfiguration;
			buildSettings = {
				ASSETCATALOG_COMPILER_APPICON_NAME = AppIcon;
				DEVELOPMENT_TEAM = 2W2GK9ZGZC;
				INFOPLIST_FILE = lsystem/Info.plist;
				LD_RUNPATH_SEARCH_PATHS = "$(inherited) @executable_path/Frameworks";
				PRODUCT_BUNDLE_IDENTIFIER = com.orenleavitt.lsystem;
				PRODUCT_NAME = "$(TARGET_NAME)";
				SWIFT_VERSION = 3.0;
			};
			name = Release;
		};
		8C07AC901F0862D80058BB77 /* Debug */ = {
			isa = XCBuildConfiguration;
			buildSettings = {
				ALWAYS_EMBED_SWIFT_STANDARD_LIBRARIES = YES;
				BUNDLE_LOADER = "$(TEST_HOST)";
				DEVELOPMENT_TEAM = 2W2GK9ZGZC;
				INFOPLIST_FILE = lsystemTests/Info.plist;
				LD_RUNPATH_SEARCH_PATHS = "$(inherited) @executable_path/Frameworks @loader_path/Frameworks";
				PRODUCT_BUNDLE_IDENTIFIER = com.orenleavitt.lsystemTests;
				PRODUCT_NAME = "$(TARGET_NAME)";
				SWIFT_VERSION = 3.0;
				TEST_HOST = "$(BUILT_PRODUCTS_DIR)/lsystem.app/lsystem";
			};
			name = Debug;
		};
		8C07AC911F0862D80058BB77 /* Release */ = {
			isa = XCBuildConfiguration;
			buildSettings = {
				ALWAYS_EMBED_SWIFT_STANDARD_LIBRARIES = YES;
				BUNDLE_LOADER = "$(TEST_HOST)";
				DEVELOPMENT_TEAM = 2W2GK9ZGZC;
				INFOPLIST_FILE = lsystemTests/Info.plist;
				LD_RUNPATH_SEARCH_PATHS = "$(inherited) @executable_path/Frameworks @loader_path/Frameworks";
				PRODUCT_BUNDLE_IDENTIFIER = com.orenleavitt.lsystemTests;
				PRODUCT_NAME = "$(TARGET_NAME)";
				SWIFT_VERSION = 3.0;
				TEST_HOST = "$(BUILT_PRODUCTS_DIR)/lsystem.app/lsystem";
			};
			name = Release;
		};
/* End XCBuildConfiguration section */

/* Begin XCConfigurationList section */
		8C07AC6A1F0862D80058BB77 /* Build configuration list for PBXProject "lsystem" */ = {
			isa = XCConfigurationList;
			buildConfigurations = (
				8C07AC8A1F0862D80058BB77 /* Debug */,
				8C07AC8B1F0862D80058BB77 /* Release */,
			);
			defaultConfigurationIsVisible = 0;
			defaultConfigurationName = Release;
		};
		8C07AC8C1F0862D80058BB77 /* Build configuration list for PBXNativeTarget "lsystem" */ = {
			isa = XCConfigurationList;
			buildConfigurations = (
				8C07AC8D1F0862D80058BB77 /* Debug */,
				8C07AC8E1F0862D80058BB77 /* Release */,
			);
			defaultConfigurationIsVisible = 0;
		};
		8C07AC8F1F0862D80058BB77 /* Build configuration list for PBXNativeTarget "lsystemTests" */ = {
			isa = XCConfigurationList;
			buildConfigurations = (
				8C07AC901F0862D80058BB77 /* Debug */,
				8C07AC911F0862D80058BB77 /* Release */,
			);
			defaultConfigurationIsVisible = 0;
		};
/* End XCConfigurationList section */
	};
	rootObject = 8C07AC671F0862D80058BB77 /* Project object */;
}
